
Microsoft Visual Studio Solution File, Format Version 12.00
# Visual Studio Version 16
VisualStudioVersion = 16.0.32510.428
MinimumVisualStudioVersion = 10.0.40219.1
Project("{FAE04EC0-301F-11D3-BF4B-00C04F79EFBC}") = "quiz", "quiz\quiz.csproj", "{35C90DBB-0810-40B8-BBB3-330EC41D5481}"
EndProject
Global
	GlobalSection(SolutionConfigurationPlatforms) = preSolution
		Debug|Any CPU = Debug|Any CPU
		Release|Any CPU = Release|Any CPU
	EndGlobalSection
	GlobalSection(ProjectConfigurationPlatforms) = postSolution
		{35C90DBB-0810-40B8-BBB3-330EC41D5481}.Debug|Any CPU.ActiveCfg = Debug|Any CPU
		{35C90DBB-0810-40B8-BBB3-330EC41D5481}.Debug|Any CPU.Build.0 = Debug|Any CPU
		{35C90DBB-0810-40B8-BBB3-330EC41D5481}.Release|Any CPU.ActiveCfg = Release|Any CPU
		{35C90DBB-0810-40B8-BBB3-330EC41D5481}.Release|Any CPU.Build.0 = Release|Any CPU
	EndGlobalSection
	GlobalSection(SolutionProperties) = preSolution
		HideSolutionNode = FALSE
	EndGlobalSection
	GlobalSection(ExtensibilityGlobals) = postSolution
		SolutionGuid = {0917F1C7-9531-494F-B6B7-53B53CF405ED}
	EndGlobalSection
EndGlobal
